
Microsoft Visual Studio Solution File, Format Version 12.00
# Visual Studio Version 16
VisualStudioVersion = 16.0.31729.503
MinimumVisualStudioVersion = 10.0.40219.1
Project("{FAE04EC0-301F-11D3-BF4B-00C04F79EFBC}") = "1st task", "1st task\1st task.csproj", "{C3037849-6C1D-4F93-A534-C94157901764}"
EndProject
Project("{FAE04EC0-301F-11D3-BF4B-00C04F79EFBC}") = "2nd task", "2nd task\2nd task.csproj", "{B499EB0F-C4FD-4BDB-AB12-7D1F46EDE7AF}"
EndProject
Global
	GlobalSection(SolutionConfigurationPlatforms) = preSolution
		Debug|Any CPU = Debug|Any CPU
		Release|Any CPU = Release|Any CPU
	EndGlobalSection
	GlobalSection(ProjectConfigurationPlatforms) = postSolution
		{C3037849-6C1D-4F93-A534-C94157901764}.Debug|Any CPU.ActiveCfg = Debug|Any CPU
		{C3037849-6C1D-4F93-A534-C94157901764}.Debug|Any CPU.Build.0 = Debug|Any CPU
		{C3037849-6C1D-4F93-A534-C94157901764}.Release|Any CPU.ActiveCfg = Release|Any CPU
		{C3037849-6C1D-4F93-A534-C94157901764}.Release|Any CPU.Build.0 = Release|Any CPU
		{B499EB0F-C4FD-4BDB-AB12-7D1F46EDE7AF}.Debug|Any CPU.ActiveCfg = Debug|Any CPU
		{B499EB0F-C4FD-4BDB-AB12-7D1F46EDE7AF}.Debug|Any CPU.Build.0 = Debug|Any CPU
		{B499EB0F-C4FD-4BDB-AB12-7D1F46EDE7AF}.Release|Any CPU.ActiveCfg = Release|Any CPU
		{B499EB0F-C4FD-4BDB-AB12-7D1F46EDE7AF}.Release|Any CPU.Build.0 = Release|Any CPU
	EndGlobalSection
	GlobalSection(SolutionProperties) = preSolution
		HideSolutionNode = FALSE
	EndGlobalSection
	GlobalSection(ExtensibilityGlobals) = postSolution
		SolutionGuid = {8DA86FBF-5603-4AF8-8ECF-8A6E92CED957}
	EndGlobalSection
EndGlobal
